
Microsoft Visual Studio Solution File, Format Version 12.00
# Visual Studio Version 16
VisualStudioVersion = 16.0.30907.101
MinimumVisualStudioVersion = 10.0.40219.1
Project("{9A19103F-16F7-4668-BE54-9A1E7A4F7556}") = "facebook-core", "facebook-core\facebook-core.csproj", "{47FE61D7-0831-4B59-84EA-C43B0261122B}"
EndProject
Project("{9A19103F-16F7-4668-BE54-9A1E7A4F7556}") = "facebook-common", "facebook-common\facebook-common.csproj", "{372EFE72-CF90-4305-B3C5-B1E49E7400C7}"
EndProject
Project("{9A19103F-16F7-4668-BE54-9A1E7A4F7556}") = "facebook-login", "facebook-login\facebook-login.csproj", "{7D0A3F00-440F-421A-902C-564F4D708601}"
EndProject
Global
	GlobalSection(SolutionConfigurationPlatforms) = preSolution
		Debug|Any CPU = Debug|Any CPU
		Release|Any CPU = Release|Any CPU
	EndGlobalSection
	GlobalSection(ProjectConfigurationPlatforms) = postSolution
		{47FE61D7-0831-4B59-84EA-C43B0261122B}.Debug|Any CPU.ActiveCfg = Debug|Any CPU
		{47FE61D7-0831-4B59-84EA-C43B0261122B}.Debug|Any CPU.Build.0 = Debug|Any CPU
		{47FE61D7-0831-4B59-84EA-C43B0261122B}.Release|Any CPU.ActiveCfg = Release|Any CPU
		{47FE61D7-0831-4B59-84EA-C43B0261122B}.Release|Any CPU.Build.0 = Release|Any CPU
		{372EFE72-CF90-4305-B3C5-B1E49E7400C7}.Debug|Any CPU.ActiveCfg = Debug|Any CPU
		{372EFE72-CF90-4305-B3C5-B1E49E7400C7}.Debug|Any CPU.Build.0 = Debug|Any CPU
		{372EFE72-CF90-4305-B3C5-B1E49E7400C7}.Release|Any CPU.ActiveCfg = Release|Any CPU
		{372EFE72-CF90-4305-B3C5-B1E49E7400C7}.Release|Any CPU.Build.0 = Release|Any CPU
		{7D0A3F00-440F-421A-902C-564F4D708601}.Debug|Any CPU.ActiveCfg = Debug|Any CPU
		{7D0A3F00-440F-421A-902C-564F4D708601}.Debug|Any CPU.Build.0 = Debug|Any CPU
		{7D0A3F00-440F-421A-902C-564F4D708601}.Release|Any CPU.ActiveCfg = Release|Any CPU
		{7D0A3F00-440F-421A-902C-564F4D708601}.Release|Any CPU.Build.0 = Release|Any CPU
	EndGlobalSection
	GlobalSection(SolutionProperties) = preSolution
		HideSolutionNode = FALSE
	EndGlobalSection
	GlobalSection(ExtensibilityGlobals) = postSolution
		SolutionGuid = {2F5D76D3-8E1F-4523-A3F0-5BD0B8264457}
	EndGlobalSection
EndGlobal
